
Microsoft Visual Studio Solution File, Format Version 12.00
# Visual Studio Version 17
VisualStudioVersion = 17.9.34607.119
MinimumVisualStudioVersion = 10.0.40219.1
Project("{FAE04EC0-301F-11D3-BF4B-00C04F79EFBC}") = "GeometryExample", "GeometryExample\GeometryExample.csproj", "{89F23F3F-51EA-4E63-8C98-C1B5AE299B93}"
EndProject
Project("{FAE04EC0-301F-11D3-BF4B-00C04F79EFBC}") = "AnimalHierarchy", "AnimalHierarchy\AnimalHierarchy.csproj", "{D882FE4A-6CD6-44E1-802B-3ABB64D5AF8A}"
EndProject
Global
	GlobalSection(SolutionConfigurationPlatforms) = preSolution
		Debug|Any CPU = Debug|Any CPU
		Release|Any CPU = Release|Any CPU
	EndGlobalSection
	GlobalSection(ProjectConfigurationPlatforms) = postSolution
		{89F23F3F-51EA-4E63-8C98-C1B5AE299B93}.Debug|Any CPU.ActiveCfg = Debug|Any CPU
		{89F23F3F-51EA-4E63-8C98-C1B5AE299B93}.Debug|Any CPU.Build.0 = Debug|Any CPU
		{89F23F3F-51EA-4E63-8C98-C1B5AE299B93}.Release|Any CPU.ActiveCfg = Release|Any CPU
		{89F23F3F-51EA-4E63-8C98-C1B5AE299B93}.Release|Any CPU.Build.0 = Release|Any CPU
		{D882FE4A-6CD6-44E1-802B-3ABB64D5AF8A}.Debug|Any CPU.ActiveCfg = Debug|Any CPU
		{D882FE4A-6CD6-44E1-802B-3ABB64D5AF8A}.Debug|Any CPU.Build.0 = Debug|Any CPU
		{D882FE4A-6CD6-44E1-802B-3ABB64D5AF8A}.Release|Any CPU.ActiveCfg = Release|Any CPU
		{D882FE4A-6CD6-44E1-802B-3ABB64D5AF8A}.Release|Any CPU.Build.0 = Release|Any CPU
	EndGlobalSection
	GlobalSection(SolutionProperties) = preSolution
		HideSolutionNode = FALSE
	EndGlobalSection
	GlobalSection(ExtensibilityGlobals) = postSolution
		SolutionGuid = {7860A319-DEDC-4F88-AF12-6E8A3DAC4ACF}
	EndGlobalSection
EndGlobal
